{
  "name": "is-not-true",
  "version": "1.0.0",
  "lockfileVersion": 3,
  "requires": true,
  "packages": {
    "": {
      "name": "is-not-true",
      "version": "1.0.0",
      "license": "MIT",
      "dependencies": {
        "is-true": "^0.1.1"
      }
    },
    "node_modules/is-true": {
      "version": "0.1.1",
      "resolved": "https://registry.npmjs.org/is-true/-/is-true-0.1.1.tgz",
      "integrity": "sha512-vrvcArNgqSopbh+w6QQxMPu6Vh33DDk8usFetCBYFijLeK0+1zx8qWjdExnuhPrW2GzI9BwpkCJlBi+xJA90ZQ==",
      "license": "MIT",
      "dependencies": {
        "isobject": "^2.0.0"
      },
      "engines": {
        "node": ">=0.10.0"
      }
    },
    "node_modules/isarray": {
      "version": "1.0.0",
      "resolved": "https://registry.npmjs.org/isarray/-/isarray-1.0.0.tgz",
      "integrity": "sha512-VLghIWNM6ELQzo7zwmcg0NmTVyWKYjvIeM83yjp0wRDTmUnrM678fQbcKBo6n2CJEF0szoG//ytg+TKla89ALQ==",
      "license": "MIT"
    },
    "node_modules/isobject": {
      "version": "2.1.0",
      "resolved": "https://registry.npmjs.org/isobject/-/isobject-2.1.0.tgz",
      "integrity": "sha512-+OUdGJlgjOBZDfxnDjYYG6zp487z0JGNQq3cYQYg5f5hKR+syHMsaztzGeml/4kGG55CSpKSpWTY+jYGgsHLgA==",
      "license": "MIT",
      "dependencies": {
        "isarray": "1.0.0"
      },
      "engines": {
        "node": ">=0.10.0"
      }
    }
  }
}
